<Solution>
  <Folder Name="/samples/">
    <Project Path="samples/Harmony.Mcp.ClientConsole/Harmony.Mcp.ClientConsole.csproj" />
    <Project Path="samples/Harmony.Mcp.ServerConsole/Harmony.Mcp.ServerConsole.csproj" />
  </Folder>
  <Folder Name="/src/">
    <Project Path="src/Harmony.Mcp/Harmony.Mcp.csproj" />
  </Folder>
</Solution>
